
Microsoft Visual Studio Solution File, Format Version 12.00
# Visual Studio Version 16
VisualStudioVersion = 16.0.29306.81
MinimumVisualStudioVersion = 10.0.40219.1
Project("{FAE04EC0-301F-11D3-BF4B-00C04F79EFBC}") = "GrokkingAlgorithms.Lib", "GrokkingAlgorithms.Lib\GrokkingAlgorithms.Lib.csproj", "{76D2A1F3-84D6-48E6-9A1C-F6485EA994BE}"
EndProject
Project("{9A19103F-16F7-4668-BE54-9A1E7A4F7556}") = "GrokkingAlgorithms.Lib.Tests", "GrokkingAlgorithms.Lib.Tests\GrokkingAlgorithms.Lib.Tests.csproj", "{3F5DB883-D935-4EA1-B046-4BEF88986830}"
EndProject
Project("{FAE04EC0-301F-11D3-BF4B-00C04F79EFBC}") = "GrokkingAlgorithms.Console.Tests", "GrokkingAlgorithms.Console.Tests\GrokkingAlgorithms.Console.Tests.csproj", "{C9FBC86B-EB13-42A0-AC19-A7FD7EE74EFE}"
EndProject
Project("{FAE04EC0-301F-11D3-BF4B-00C04F79EFBC}") = "GrokkingAlgorithms.Console", "GrokkingAlgorithms.Console\GrokkingAlgorithms.Console.csproj", "{DC66A9B0-B232-4F57-86F9-6D3C3B7AA22B}"
EndProject
Global
	GlobalSection(SolutionConfigurationPlatforms) = preSolution
		Debug|Any CPU = Debug|Any CPU
		Release|Any CPU = Release|Any CPU
	EndGlobalSection
	GlobalSection(ProjectConfigurationPlatforms) = postSolution
		{76D2A1F3-84D6-48E6-9A1C-F6485EA994BE}.Debug|Any CPU.ActiveCfg = Debug|Any CPU
		{76D2A1F3-84D6-48E6-9A1C-F6485EA994BE}.Debug|Any CPU.Build.0 = Debug|Any CPU
		{76D2A1F3-84D6-48E6-9A1C-F6485EA994BE}.Release|Any CPU.ActiveCfg = Release|Any CPU
		{76D2A1F3-84D6-48E6-9A1C-F6485EA994BE}.Release|Any CPU.Build.0 = Release|Any CPU
		{3F5DB883-D935-4EA1-B046-4BEF88986830}.Debug|Any CPU.ActiveCfg = Debug|Any CPU
		{3F5DB883-D935-4EA1-B046-4BEF88986830}.Debug|Any CPU.Build.0 = Debug|Any CPU
		{3F5DB883-D935-4EA1-B046-4BEF88986830}.Release|Any CPU.ActiveCfg = Release|Any CPU
		{3F5DB883-D935-4EA1-B046-4BEF88986830}.Release|Any CPU.Build.0 = Release|Any CPU
		{C9FBC86B-EB13-42A0-AC19-A7FD7EE74EFE}.Debug|Any CPU.ActiveCfg = Debug|Any CPU
		{C9FBC86B-EB13-42A0-AC19-A7FD7EE74EFE}.Debug|Any CPU.Build.0 = Debug|Any CPU
		{C9FBC86B-EB13-42A0-AC19-A7FD7EE74EFE}.Release|Any CPU.ActiveCfg = Release|Any CPU
		{C9FBC86B-EB13-42A0-AC19-A7FD7EE74EFE}.Release|Any CPU.Build.0 = Release|Any CPU
		{DC66A9B0-B232-4F57-86F9-6D3C3B7AA22B}.Debug|Any CPU.ActiveCfg = Debug|Any CPU
		{DC66A9B0-B232-4F57-86F9-6D3C3B7AA22B}.Debug|Any CPU.Build.0 = Debug|Any CPU
		{DC66A9B0-B232-4F57-86F9-6D3C3B7AA22B}.Release|Any CPU.ActiveCfg = Release|Any CPU
		{DC66A9B0-B232-4F57-86F9-6D3C3B7AA22B}.Release|Any CPU.Build.0 = Release|Any CPU
	EndGlobalSection
	GlobalSection(SolutionProperties) = preSolution
		HideSolutionNode = FALSE
	EndGlobalSection
	GlobalSection(ExtensibilityGlobals) = postSolution
		SolutionGuid = {5EC5F167-96F5-4184-B7A5-4D3F040F3279}
	EndGlobalSection
EndGlobal
