
Microsoft Visual Studio Solution File, Format Version 12.00
# Visual Studio Version 16
VisualStudioVersion = 16.0.29306.81
MinimumVisualStudioVersion = 10.0.40219.1
Project("{9A19103F-16F7-4668-BE54-9A1E7A4F7556}") = "GrokkingAlgorithms", "GrokkingAlgorithms.csproj", "{B697ECC0-C0F7-4232-B29E-A5F61FE5F7CA}"
EndProject
Project("{9A19103F-16F7-4668-BE54-9A1E7A4F7556}") = "GrokkingAlgorithms.Tests", "..\GrokkingAlgorithms.Tests\GrokkingAlgorithms.Tests.csproj", "{DFAA85B3-A5C2-401F-8B6D-FB8BED3AEA23}"
EndProject
Global
	GlobalSection(SolutionConfigurationPlatforms) = preSolution
		Debug|Any CPU = Debug|Any CPU
		Release|Any CPU = Release|Any CPU
	EndGlobalSection
	GlobalSection(ProjectConfigurationPlatforms) = postSolution
		{B697ECC0-C0F7-4232-B29E-A5F61FE5F7CA}.Debug|Any CPU.ActiveCfg = Debug|Any CPU
		{B697ECC0-C0F7-4232-B29E-A5F61FE5F7CA}.Debug|Any CPU.Build.0 = Debug|Any CPU
		{B697ECC0-C0F7-4232-B29E-A5F61FE5F7CA}.Release|Any CPU.ActiveCfg = Release|Any CPU
		{B697ECC0-C0F7-4232-B29E-A5F61FE5F7CA}.Release|Any CPU.Build.0 = Release|Any CPU
		{DFAA85B3-A5C2-401F-8B6D-FB8BED3AEA23}.Debug|Any CPU.ActiveCfg = Debug|Any CPU
		{DFAA85B3-A5C2-401F-8B6D-FB8BED3AEA23}.Debug|Any CPU.Build.0 = Debug|Any CPU
		{DFAA85B3-A5C2-401F-8B6D-FB8BED3AEA23}.Release|Any CPU.ActiveCfg = Release|Any CPU
		{DFAA85B3-A5C2-401F-8B6D-FB8BED3AEA23}.Release|Any CPU.Build.0 = Release|Any CPU
	EndGlobalSection
	GlobalSection(SolutionProperties) = preSolution
		HideSolutionNode = FALSE
	EndGlobalSection
	GlobalSection(ExtensibilityGlobals) = postSolution
		SolutionGuid = {5EC5F167-96F5-4184-B7A5-4D3F040F3279}
	EndGlobalSection
EndGlobal
